{
  "requires": true,
  "lockfileVersion": 1,
  "dependencies": {
    "primeflex": {
      "version": "1.0.0",
      "resolved": "https://registry.npmjs.org/primeflex/-/primeflex-1.0.0.tgz",
      "integrity": "sha512-/K9iHXm5wu6gZycQDP/gsfX7BpJKSNVhxTOZAJBLH88idPtC2lMgUXm28qfXFqsbxaTI49oBuMYBFlg/DBmUMg=="
    }
  }
}
